
Microsoft Visual Studio Solution File, Format Version 12.00
# Visual Studio 2013
VisualStudioVersion = 12.0.30501.0
MinimumVisualStudioVersion = 10.0.40219.1
Project("{FAE04EC0-301F-11D3-BF4B-00C04F79EFBC}") = "FactoryPattern", "FactoryPattern\FactoryPattern.csproj", "{E7461779-1B97-4BAF-9D04-2AF2785A16CF}"
EndProject
Project("{FAE04EC0-301F-11D3-BF4B-00C04F79EFBC}") = "AbstractFactory", "AbstractFactory\AbstractFactory.csproj", "{A3EA0B4B-7254-46FF-AF39-EFE5F1A4A416}"
EndProject
Project("{FAE04EC0-301F-11D3-BF4B-00C04F79EFBC}") = "Factory", "Factory\Factory.csproj", "{EC3B8671-3C0A-4AD0-9D96-9486DE6382D9}"
EndProject
Global
	GlobalSection(SolutionConfigurationPlatforms) = preSolution
		Debug|Any CPU = Debug|Any CPU
		Release|Any CPU = Release|Any CPU
	EndGlobalSection
	GlobalSection(ProjectConfigurationPlatforms) = postSolution
		{E7461779-1B97-4BAF-9D04-2AF2785A16CF}.Debug|Any CPU.ActiveCfg = Debug|Any CPU
		{E7461779-1B97-4BAF-9D04-2AF2785A16CF}.Debug|Any CPU.Build.0 = Debug|Any CPU
		{E7461779-1B97-4BAF-9D04-2AF2785A16CF}.Release|Any CPU.ActiveCfg = Release|Any CPU
		{E7461779-1B97-4BAF-9D04-2AF2785A16CF}.Release|Any CPU.Build.0 = Release|Any CPU
		{A3EA0B4B-7254-46FF-AF39-EFE5F1A4A416}.Debug|Any CPU.ActiveCfg = Debug|Any CPU
		{A3EA0B4B-7254-46FF-AF39-EFE5F1A4A416}.Debug|Any CPU.Build.0 = Debug|Any CPU
		{A3EA0B4B-7254-46FF-AF39-EFE5F1A4A416}.Release|Any CPU.ActiveCfg = Release|Any CPU
		{A3EA0B4B-7254-46FF-AF39-EFE5F1A4A416}.Release|Any CPU.Build.0 = Release|Any CPU
		{EC3B8671-3C0A-4AD0-9D96-9486DE6382D9}.Debug|Any CPU.ActiveCfg = Debug|Any CPU
		{EC3B8671-3C0A-4AD0-9D96-9486DE6382D9}.Debug|Any CPU.Build.0 = Debug|Any CPU
		{EC3B8671-3C0A-4AD0-9D96-9486DE6382D9}.Release|Any CPU.ActiveCfg = Release|Any CPU
		{EC3B8671-3C0A-4AD0-9D96-9486DE6382D9}.Release|Any CPU.Build.0 = Release|Any CPU
	EndGlobalSection
	GlobalSection(SolutionProperties) = preSolution
		HideSolutionNode = FALSE
	EndGlobalSection
EndGlobal
